
Microsoft Visual Studio Solution File, Format Version 12.00
# Visual Studio Version 17
VisualStudioVersion = 17.11.35327.3
MinimumVisualStudioVersion = 10.0.40219.1
Project("{FAE04EC0-301F-11D3-BF4B-00C04F79EFBC}") = "Travel_TripProject", "Travel_TripProject.csproj", "{4F1EB3E3-2766-477C-A847-9C6AA94FC17B}"
EndProject
Global
	GlobalSection(SolutionConfigurationPlatforms) = preSolution
		Debug|Any CPU = Debug|Any CPU
		Release|Any CPU = Release|Any CPU
	EndGlobalSection
	GlobalSection(ProjectConfigurationPlatforms) = postSolution
		{4F1EB3E3-2766-477C-A847-9C6AA94FC17B}.Debug|Any CPU.ActiveCfg = Debug|Any CPU
		{4F1EB3E3-2766-477C-A847-9C6AA94FC17B}.Debug|Any CPU.Build.0 = Debug|Any CPU
		{4F1EB3E3-2766-477C-A847-9C6AA94FC17B}.Release|Any CPU.ActiveCfg = Release|Any CPU
		{4F1EB3E3-2766-477C-A847-9C6AA94FC17B}.Release|Any CPU.Build.0 = Release|Any CPU
	EndGlobalSection
	GlobalSection(SolutionProperties) = preSolution
		HideSolutionNode = FALSE
	EndGlobalSection
	GlobalSection(ExtensibilityGlobals) = postSolution
		SolutionGuid = {C09E3267-C576-4ECC-A83A-AED3563C3842}
	EndGlobalSection
EndGlobal
